
Microsoft Visual Studio Solution File, Format Version 12.00
# Visual Studio Version 16
VisualStudioVersion = 16.0.32901.82
MinimumVisualStudioVersion = 10.0.40219.1
Project("{9A19103F-16F7-4668-BE54-9A1E7A4F7556}") = "Ui Test", "Ui Test.csproj", "{41CC8EB4-0A53-4738-99D7-8A62EAA752B6}"
EndProject
Project("{FAE04EC0-301F-11D3-BF4B-00C04F79EFBC}") = "DataAccess", "..\DataAccess\DataAccess.csproj", "{3591F3C8-0127-4D34-AEC2-B4019FA4C0E3}"
EndProject
Global
	GlobalSection(SolutionConfigurationPlatforms) = preSolution
		Debug|Any CPU = Debug|Any CPU
		ExportDebug|Any CPU = ExportDebug|Any CPU
		ExportRelease|Any CPU = ExportRelease|Any CPU
		Release|Any CPU = Release|Any CPU
	EndGlobalSection
	GlobalSection(ProjectConfigurationPlatforms) = postSolution
		{41CC8EB4-0A53-4738-99D7-8A62EAA752B6}.Debug|Any CPU.ActiveCfg = Debug|Any CPU
		{41CC8EB4-0A53-4738-99D7-8A62EAA752B6}.Debug|Any CPU.Build.0 = Debug|Any CPU
		{41CC8EB4-0A53-4738-99D7-8A62EAA752B6}.ExportDebug|Any CPU.ActiveCfg = ExportDebug|Any CPU
		{41CC8EB4-0A53-4738-99D7-8A62EAA752B6}.ExportDebug|Any CPU.Build.0 = ExportDebug|Any CPU
		{41CC8EB4-0A53-4738-99D7-8A62EAA752B6}.ExportRelease|Any CPU.ActiveCfg = ExportRelease|Any CPU
		{41CC8EB4-0A53-4738-99D7-8A62EAA752B6}.ExportRelease|Any CPU.Build.0 = ExportRelease|Any CPU
		{41CC8EB4-0A53-4738-99D7-8A62EAA752B6}.Release|Any CPU.ActiveCfg = ExportRelease|Any CPU
		{41CC8EB4-0A53-4738-99D7-8A62EAA752B6}.Release|Any CPU.Build.0 = ExportRelease|Any CPU
		{3591F3C8-0127-4D34-AEC2-B4019FA4C0E3}.Debug|Any CPU.ActiveCfg = Debug|Any CPU
		{3591F3C8-0127-4D34-AEC2-B4019FA4C0E3}.Debug|Any CPU.Build.0 = Debug|Any CPU
		{3591F3C8-0127-4D34-AEC2-B4019FA4C0E3}.ExportDebug|Any CPU.ActiveCfg = Debug|Any CPU
		{3591F3C8-0127-4D34-AEC2-B4019FA4C0E3}.ExportDebug|Any CPU.Build.0 = Debug|Any CPU
		{3591F3C8-0127-4D34-AEC2-B4019FA4C0E3}.ExportRelease|Any CPU.ActiveCfg = Release|Any CPU
		{3591F3C8-0127-4D34-AEC2-B4019FA4C0E3}.ExportRelease|Any CPU.Build.0 = Release|Any CPU
		{3591F3C8-0127-4D34-AEC2-B4019FA4C0E3}.Release|Any CPU.ActiveCfg = Release|Any CPU
		{3591F3C8-0127-4D34-AEC2-B4019FA4C0E3}.Release|Any CPU.Build.0 = Release|Any CPU
	EndGlobalSection
	GlobalSection(SolutionProperties) = preSolution
		HideSolutionNode = FALSE
	EndGlobalSection
	GlobalSection(ExtensibilityGlobals) = postSolution
		SolutionGuid = {0ABF0626-9C02-4D79-BBF8-7F679A1F8ABC}
	EndGlobalSection
EndGlobal
